<?xml version="1.0" encoding="utf-8"?>
<Project ToolsVersion="4.0" xmlns="http://schemas.microsoft.com/developer/msbuild/2003">
  <ItemGroup>
    <Filter Include="Source Files">
      <UniqueIdentifier>{4FC737F1-C7A5-4376-A066-2A32D752A2FF}</UniqueIdentifier>
      <Extensions>cpp;c;cc;cxx;def;odl;idl;hpj;bat;asm;asmx</Extensions>
    </Filter>
    <Filter Include="Header Files">
      <UniqueIdentifier>{93995380-89BD-4b04-88EB-625FBE52EBFB}</UniqueIdentifier>
      <Extensions>h;hh;hpp;hxx;hm;inl;inc;xsd</Extensions>
    </Filter>
    <Filter Include="Resource Files">
      <UniqueIdentifier>{67DA6AB6-F800-4c08-8B7A-83BB121AAD01}</UniqueIdentifier>
      <Extensions>rc;ico;cur;bmp;dlg;rc2;rct;bin;rgs;gif;jpg;jpeg;jpe;resx;tiff;tif;png;wav;mfcribbon-ms</Extensions>
    </Filter>
    <Filter Include="Header Files\src">
      <UniqueIdentifier>{0f25b806-1a64-4a38-a055-20ea60ebaa60}</UniqueIdentifier>
    </Filter>
    <Filter Include="Source Files\src">
      <UniqueIdentifier>{032d0057-fe36-49e3-b830-c322dc4816d2}</UniqueIdentifier>
    </Filter>
  </ItemGroup>
  <ItemGroup>
    <ClCompile Include="Arduino_0.ino" />
    <ClCompile Include="i2s_audio.cpp">
      <Filter>Source Files</Filter>
    </ClCompile>
    <ClCompile Include="src\ac101.c">
      <Filter>Source Files\src</Filter>
    </ClCompile>
    <ClCompile Include="src\audio_gpio.c">
      <Filter>Source Files\src</Filter>
    </ClCompile>
    <ClCompile Include="src\audio_hal.c">
      <Filter>Source Files\src</Filter>
    </ClCompile>
    <ClCompile Include="src\audio_mem.c">
      <Filter>Source Files\src</Filter>
    </ClCompile>
    <ClCompile Include="src\audio_mutex.c">
      <Filter>Source Files\src</Filter>
    </ClCompile>
    <ClCompile Include="src\audio_volume.c">
      <Filter>Source Files\src</Filter>
    </ClCompile>
    <ClCompile Include="src\audiokit_logger.c">
      <Filter>Source Files\src</Filter>
    </ClCompile>
    <ClCompile Include="src\es7210.c">
      <Filter>Source Files\src</Filter>
    </ClCompile>
    <ClCompile Include="src\i2c_bus.c">
      <Filter>Source Files\src</Filter>
    </ClCompile>
    <ClCompile Include="src\tas5805m.c">
      <Filter>Source Files\src</Filter>
    </ClCompile>
    <ClCompile Include="src\driver_pins.cpp">
      <Filter>Source Files\src</Filter>
    </ClCompile>
    <ClCompile Include="src\i2c_wire.cpp">
      <Filter>Source Files\src</Filter>
    </ClCompile>
    <ClCompile Include="src\es7148.c">
      <Filter>Source Files\src</Filter>
    </ClCompile>
    <ClCompile Include="src\es7243.c">
      <Filter>Source Files\src</Filter>
    </ClCompile>
    <ClCompile Include="src\es7243e.c">
      <Filter>Source Files\src</Filter>
    </ClCompile>
    <ClCompile Include="src\es8156.c">
      <Filter>Source Files\src</Filter>
    </ClCompile>
    <ClCompile Include="src\es8311.c">
      <Filter>Source Files\src</Filter>
    </ClCompile>
    <ClCompile Include="src\es8374.c">
      <Filter>Source Files\src</Filter>
    </ClCompile>
    <ClCompile Include="src\es8388.c">
      <Filter>Source Files\src</Filter>
    </ClCompile>
    <ClCompile Include="gpioExtender.cpp">
      <Filter>Source Files</Filter>
    </ClCompile>
    <ClCompile Include="AW9523B.cpp">
      <Filter>Source Files</Filter>
    </ClCompile>
    <ClCompile Include="8encoder.cpp">
      <Filter>Source Files</Filter>
    </ClCompile>
    <ClCompile Include="m5rotate8.cpp">
      <Filter>Source Files</Filter>
    </ClCompile>
    <ClCompile Include="led.cpp">
      <Filter>Source Files</Filter>
    </ClCompile>
    <ClCompile Include="application.cpp">
      <Filter>Source Files</Filter>
    </ClCompile>
    <ClCompile Include="userFunctions.cpp">
      <Filter>Source Files</Filter>
    </ClCompile>
    <ClCompile Include="sweetSpot.cpp">
      <Filter>Source Files</Filter>
    </ClCompile>
  </ItemGroup>
  <ItemGroup>
    <ResourceCompile Include="Arduino_0.rc">
      <Filter>Resource Files</Filter>
    </ResourceCompile>
  </ItemGroup>
  <ItemGroup>
    <ClInclude Include="i2s_audio.h">
      <Filter>Header Files</Filter>
    </ClInclude>
    <ClInclude Include="src\ac101.h">
      <Filter>Header Files\src</Filter>
    </ClInclude>
    <ClInclude Include="src\ai_thinker_ac101.h">
      <Filter>Header Files\src</Filter>
    </ClInclude>
    <ClInclude Include="src\ai_thinker_es8388_5.h">
      <Filter>Header Files\src</Filter>
    </ClInclude>
    <ClInclude Include="src\ai_thinker_es8388_7.h">
      <Filter>Header Files\src</Filter>
    </ClInclude>
    <ClInclude Include="src\audio_error.h">
      <Filter>Header Files\src</Filter>
    </ClInclude>
    <ClInclude Include="src\audio_gpio.h">
      <Filter>Header Files\src</Filter>
    </ClInclude>
    <ClInclude Include="src\audio_hal.h">
      <Filter>Header Files\src</Filter>
    </ClInclude>
    <ClInclude Include="src\audio_mem.h">
      <Filter>Header Files\src</Filter>
    </ClInclude>
    <ClInclude Include="src\audio_mutex.h">
      <Filter>Header Files\src</Filter>
    </ClInclude>
    <ClInclude Include="src\audio_system.h">
      <Filter>Header Files\src</Filter>
    </ClInclude>
    <ClInclude Include="src\audio_type_def.h">
      <Filter>Header Files\src</Filter>
    </ClInclude>
    <ClInclude Include="src\audio_types.h">
      <Filter>Header Files\src</Filter>
    </ClInclude>
    <ClInclude Include="src\audio_version.h">
      <Filter>Header Files\src</Filter>
    </ClInclude>
    <ClInclude Include="src\audio_volume.h">
      <Filter>Header Files\src</Filter>
    </ClInclude>
    <ClInclude Include="src\audiokit_board.h">
      <Filter>Header Files\src</Filter>
    </ClInclude>
    <ClInclude Include="src\audiokit_board_select.h">
      <Filter>Header Files\src</Filter>
    </ClInclude>
    <ClInclude Include="src\audiokit_logger.h">
      <Filter>Header Files\src</Filter>
    </ClInclude>
    <ClInclude Include="src\AudioKitHAL.h">
      <Filter>Header Files\src</Filter>
    </ClInclude>
    <ClInclude Include="src\AudioKitSettings.h">
      <Filter>Header Files\src</Filter>
    </ClInclude>
    <ClInclude Include="src\common_defines.h">
      <Filter>Header Files\src</Filter>
    </ClInclude>
    <ClInclude Include="src\driver_pins.h">
      <Filter>Header Files\src</Filter>
    </ClInclude>
    <ClInclude Include="src\es7210.h">
      <Filter>Header Files\src</Filter>
    </ClInclude>
    <ClInclude Include="src\esp32_s2_kaluga_1_v1_2.h">
      <Filter>Header Files\src</Filter>
    </ClInclude>
    <ClInclude Include="src\esp32_s3_box.h">
      <Filter>Header Files\src</Filter>
    </ClInclude>
    <ClInclude Include="src\esp32_s3_box_lite.h">
      <Filter>Header Files\src</Filter>
    </ClInclude>
    <ClInclude Include="src\esp32_sd.h">
      <Filter>Header Files\src</Filter>
    </ClInclude>
    <ClInclude Include="src\esxxx_common.h">
      <Filter>Header Files\src</Filter>
    </ClInclude>
    <ClInclude Include="src\generic.h">
      <Filter>Header Files\src</Filter>
    </ClInclude>
    <ClInclude Include="src\i2c_bus.h">
      <Filter>Header Files\src</Filter>
    </ClInclude>
    <ClInclude Include="src\lyrat_mini_v1_1.h">
      <Filter>Header Files\src</Filter>
    </ClInclude>
    <ClInclude Include="src\lyrat_v4_2.h">
      <Filter>Header Files\src</Filter>
    </ClInclude>
    <ClInclude Include="src\lyrat_v4_3.h">
      <Filter>Header Files\src</Filter>
    </ClInclude>
    <ClInclude Include="src\tas5805m.h">
      <Filter>Header Files\src</Filter>
    </ClInclude>
    <ClInclude Include="src\tas5805m_reg_cfg.h">
      <Filter>Header Files\src</Filter>
    </ClInclude>
    <ClInclude Include="src\es7148.h">
      <Filter>Header Files\src</Filter>
    </ClInclude>
    <ClInclude Include="src\es7243.h">
      <Filter>Header Files\src</Filter>
    </ClInclude>
    <ClInclude Include="src\es7243e.h">
      <Filter>Header Files\src</Filter>
    </ClInclude>
    <ClInclude Include="src\es8156.h">
      <Filter>Header Files\src</Filter>
    </ClInclude>
    <ClInclude Include="src\es8311.h">
      <Filter>Header Files\src</Filter>
    </ClInclude>
    <ClInclude Include="src\es8374.h">
      <Filter>Header Files\src</Filter>
    </ClInclude>
    <ClInclude Include="src\es8388.h">
      <Filter>Header Files\src</Filter>
    </ClInclude>
    <ClInclude Include="src\generic_es8311.h">
      <Filter>Header Files\src</Filter>
    </ClInclude>
    <ClInclude Include="src\generic_es8388.h">
      <Filter>Header Files\src</Filter>
    </ClInclude>
    <ClInclude Include="__vm\.Arduino_0.vsarduino.h">
      <Filter>Header Files</Filter>
    </ClInclude>
    <ClInclude Include="gpioExtender.h">
      <Filter>Header Files</Filter>
    </ClInclude>
    <ClInclude Include="AW9523B.h">
      <Filter>Header Files</Filter>
    </ClInclude>
    <ClInclude Include="8encoder.h">
      <Filter>Header Files</Filter>
    </ClInclude>
    <ClInclude Include="m5rotate8.h">
      <Filter>Header Files</Filter>
    </ClInclude>
    <ClInclude Include="settings.h">
      <Filter>Header Files</Filter>
    </ClInclude>
    <ClInclude Include="application.h">
      <Filter>Header Files</Filter>
    </ClInclude>
    <ClInclude Include="userFunctions.h">
      <Filter>Header Files</Filter>
    </ClInclude>
    <ClInclude Include="sweetSpot.h">
      <Filter>Header Files</Filter>
    </ClInclude>
    <ClInclude Include="types.h">
      <Filter>Header Files</Filter>
    </ClInclude>
    <ClInclude Include="led.h">
      <Filter>Header Files</Filter>
    </ClInclude>
  </ItemGroup>
</Project>